
Microsoft Visual Studio Solution File, Format Version 12.00
# Visual Studio Version 17
VisualStudioVersion = 17.3.32825.248
MinimumVisualStudioVersion = 10.0.40219.1
Project("{9A19103F-16F7-4668-BE54-9A1E7A4F7556}") = "_153501_ Mirolyubov_Lab9", "_153501_ Mirolyubov_Lab9.csproj", "{9DC0A93D-B9FA-4A8A-8FA0-1BC00820189D}"
EndProject
Project("{9A19103F-16F7-4668-BE54-9A1E7A4F7556}") = "LAB9.Domain", "..\LAB9.Domain\LAB9.Domain.csproj", "{861BE99D-46E8-4780-9FA5-1F31C11B37CE}"
EndProject
Project("{9A19103F-16F7-4668-BE54-9A1E7A4F7556}") = "Serializer", "..\Serializer\Serializer.csproj", "{EFDFC7B4-5896-48A6-9833-0363F2B0B7B4}"
EndProject
Global
	GlobalSection(SolutionConfigurationPlatforms) = preSolution
		Debug|Any CPU = Debug|Any CPU
		Release|Any CPU = Release|Any CPU
	EndGlobalSection
	GlobalSection(ProjectConfigurationPlatforms) = postSolution
		{9DC0A93D-B9FA-4A8A-8FA0-1BC00820189D}.Debug|Any CPU.ActiveCfg = Debug|Any CPU
		{9DC0A93D-B9FA-4A8A-8FA0-1BC00820189D}.Debug|Any CPU.Build.0 = Debug|Any CPU
		{9DC0A93D-B9FA-4A8A-8FA0-1BC00820189D}.Release|Any CPU.ActiveCfg = Release|Any CPU
		{9DC0A93D-B9FA-4A8A-8FA0-1BC00820189D}.Release|Any CPU.Build.0 = Release|Any CPU
		{861BE99D-46E8-4780-9FA5-1F31C11B37CE}.Debug|Any CPU.ActiveCfg = Debug|Any CPU
		{861BE99D-46E8-4780-9FA5-1F31C11B37CE}.Debug|Any CPU.Build.0 = Debug|Any CPU
		{861BE99D-46E8-4780-9FA5-1F31C11B37CE}.Release|Any CPU.ActiveCfg = Release|Any CPU
		{861BE99D-46E8-4780-9FA5-1F31C11B37CE}.Release|Any CPU.Build.0 = Release|Any CPU
		{EFDFC7B4-5896-48A6-9833-0363F2B0B7B4}.Debug|Any CPU.ActiveCfg = Debug|Any CPU
		{EFDFC7B4-5896-48A6-9833-0363F2B0B7B4}.Debug|Any CPU.Build.0 = Debug|Any CPU
		{EFDFC7B4-5896-48A6-9833-0363F2B0B7B4}.Release|Any CPU.ActiveCfg = Release|Any CPU
		{EFDFC7B4-5896-48A6-9833-0363F2B0B7B4}.Release|Any CPU.Build.0 = Release|Any CPU
	EndGlobalSection
	GlobalSection(SolutionProperties) = preSolution
		HideSolutionNode = FALSE
	EndGlobalSection
	GlobalSection(ExtensibilityGlobals) = postSolution
		SolutionGuid = {3C6A738D-66C7-41C8-AF2C-761C42D2CD68}
	EndGlobalSection
EndGlobal
