
Microsoft Visual Studio Solution File, Format Version 12.00
# Visual Studio Version 17
VisualStudioVersion = 17.4.33122.133
MinimumVisualStudioVersion = 10.0.40219.1
Project("{FAE04EC0-301F-11D3-BF4B-00C04F79EFBC}") = "Lab7", "Lab7.csproj", "{202D1E36-0DEE-45D2-9967-912EA4E3D68C}"
EndProject
Project("{FAE04EC0-301F-11D3-BF4B-00C04F79EFBC}") = "lib", "..\integral\lib.csproj", "{B8848F3F-0668-44E6-A8F1-96BF3C682A45}"
EndProject
Global
	GlobalSection(SolutionConfigurationPlatforms) = preSolution
		Debug|Any CPU = Debug|Any CPU
		Release|Any CPU = Release|Any CPU
	EndGlobalSection
	GlobalSection(ProjectConfigurationPlatforms) = postSolution
		{202D1E36-0DEE-45D2-9967-912EA4E3D68C}.Debug|Any CPU.ActiveCfg = Debug|Any CPU
		{202D1E36-0DEE-45D2-9967-912EA4E3D68C}.Debug|Any CPU.Build.0 = Debug|Any CPU
		{202D1E36-0DEE-45D2-9967-912EA4E3D68C}.Release|Any CPU.ActiveCfg = Release|Any CPU
		{202D1E36-0DEE-45D2-9967-912EA4E3D68C}.Release|Any CPU.Build.0 = Release|Any CPU
		{B8848F3F-0668-44E6-A8F1-96BF3C682A45}.Debug|Any CPU.ActiveCfg = Debug|Any CPU
		{B8848F3F-0668-44E6-A8F1-96BF3C682A45}.Debug|Any CPU.Build.0 = Debug|Any CPU
		{B8848F3F-0668-44E6-A8F1-96BF3C682A45}.Release|Any CPU.ActiveCfg = Release|Any CPU
		{B8848F3F-0668-44E6-A8F1-96BF3C682A45}.Release|Any CPU.Build.0 = Release|Any CPU
	EndGlobalSection
	GlobalSection(SolutionProperties) = preSolution
		HideSolutionNode = FALSE
	EndGlobalSection
	GlobalSection(ExtensibilityGlobals) = postSolution
		SolutionGuid = {810ACD0E-34D0-4AB3-BFF6-4E7B3012E109}
	EndGlobalSection
EndGlobal
