
Microsoft Visual Studio Solution File, Format Version 12.00
# Visual Studio Version 17
VisualStudioVersion = 17.4.33122.133
MinimumVisualStudioVersion = 10.0.40219.1
Project("{9A19103F-16F7-4668-BE54-9A1E7A4F7556}") = "Lab8", "Lab8.csproj", "{1091359E-F0D8-404B-9AD2-BFE66BE94F7D}"
EndProject
Project("{9A19103F-16F7-4668-BE54-9A1E7A4F7556}") = "StreamService", "..\StreamService\StreamService.csproj", "{CFBA49B1-3D8C-4B6F-BE5D-D8E8A6D51CC5}"
EndProject
Global
	GlobalSection(SolutionConfigurationPlatforms) = preSolution
		Debug|Any CPU = Debug|Any CPU
		Release|Any CPU = Release|Any CPU
	EndGlobalSection
	GlobalSection(ProjectConfigurationPlatforms) = postSolution
		{1091359E-F0D8-404B-9AD2-BFE66BE94F7D}.Debug|Any CPU.ActiveCfg = Debug|Any CPU
		{1091359E-F0D8-404B-9AD2-BFE66BE94F7D}.Debug|Any CPU.Build.0 = Debug|Any CPU
		{1091359E-F0D8-404B-9AD2-BFE66BE94F7D}.Release|Any CPU.ActiveCfg = Release|Any CPU
		{1091359E-F0D8-404B-9AD2-BFE66BE94F7D}.Release|Any CPU.Build.0 = Release|Any CPU
		{CFBA49B1-3D8C-4B6F-BE5D-D8E8A6D51CC5}.Debug|Any CPU.ActiveCfg = Debug|Any CPU
		{CFBA49B1-3D8C-4B6F-BE5D-D8E8A6D51CC5}.Debug|Any CPU.Build.0 = Debug|Any CPU
		{CFBA49B1-3D8C-4B6F-BE5D-D8E8A6D51CC5}.Release|Any CPU.ActiveCfg = Release|Any CPU
		{CFBA49B1-3D8C-4B6F-BE5D-D8E8A6D51CC5}.Release|Any CPU.Build.0 = Release|Any CPU
	EndGlobalSection
	GlobalSection(SolutionProperties) = preSolution
		HideSolutionNode = FALSE
	EndGlobalSection
	GlobalSection(ExtensibilityGlobals) = postSolution
		SolutionGuid = {DAD325AE-F611-428D-A246-067A81D768AB}
	EndGlobalSection
EndGlobal
